// !$*UTF8*$!
{
	archiveVersion = 1;
	classes = {
	};
	objectVersion = 77;
	objects = {

/* Begin PBXBuildFile section */
		4509657B2F4FB7CB002B2F77 /* tartanimu_human.mlpackage in Sources */ = {isa = PBXBuildFile; fileRef = 4509657A2F4FB7CB002B2F77 /* tartanimu_human.mlpackage */; };
		4509657F2F4FBD35002B2F77 /* tartanimu_car.mlpackage in Sources */ = {isa = PBXBuildFile; fileRef = 4509657C2F4FBD35002B2F77 /* tartanimu_car.mlpackage */; };
		450965802F4FBD35002B2F77 /* tartanimu_quadruped.mlpackage in Sources */ = {isa = PBXBuildFile; fileRef = 4509657E2F4FBD35002B2F77 /* tartanimu_quadruped.mlpackage */; };
		450965812F4FBD35002B2F77 /* tartanimu_drone.mlpackage in Sources */ = {isa = PBXBuildFile; fileRef = 4509657D2F4FBD35002B2F77 /* tartanimu_drone.mlpackage */; };
/* End PBXBuildFile section */

/* Begin PBXContainerItemProxy section */
		450965542F4FB730002B2F77 /* PBXContainerItemProxy */ = {
			isa = PBXContainerItemProxy;
			containerPortal = 4509653E2F4FB72E002B2F77 /* Project object */;
			proxyType = 1;
			remoteGlobalIDString = 450965452F4FB72E002B2F77;
			remoteInfo = "TartanIMU Benchmark";
		};
		4509655E2F4FB730002B2F77 /* PBXContainerItemProxy */ = {
			isa = PBXContainerItemProxy;
			containerPortal = 4509653E2F4FB72E002B2F77 /* Project object */;
			proxyType = 1;
			remoteGlobalIDString = 450965452F4FB72E002B2F77;
			remoteInfo = "TartanIMU Benchmark";
		};
/* End PBXContainerItemProxy section */

/* Begin PBXFileReference section */
		450965462F4FB72E002B2F77 /* TartanIMU Benchmark.app */ = {isa = PBXFileReference; explicitFileType = wrapper.application; includeInIndex = 0; path = "TartanIMU Benchmark.app"; sourceTree = BUILT_PRODUCTS_DIR; };
		450965532F4FB730002B2F77 /* TartanIMU BenchmarkTests.xctest */ = {isa = PBXFileReference; explicitFileType = wrapper.cfbundle; includeInIndex = 0; path = "TartanIMU BenchmarkTests.xctest"; sourceTree = BUILT_PRODUCTS_DIR; };
		4509655D2F4FB730002B2F77 /* TartanIMU BenchmarkUITests.xctest */ = {isa = PBXFileReference; explicitFileType = wrapper.cfbundle; includeInIndex = 0; path = "TartanIMU BenchmarkUITests.xctest"; sourceTree = BUILT_PRODUCTS_DIR; };
		4509657A2F4FB7CB002B2F77 /* tartanimu_human.mlpackage */ = {isa = PBXFileReference; lastKnownFileType = folder.mlpackage; path = tartanimu_human.mlpackage; sourceTree = "<group>"; };
		4509657C2F4FBD35002B2F77 /* tartanimu_car.mlpackage */ = {isa = PBXFileReference; lastKnownFileType = folder.mlpackage; path = tartanimu_car.mlpackage; sourceTree = "<group>"; };
		4509657D2F4FBD35002B2F77 /* tartanimu_drone.mlpackage */ = {isa = PBXFileReference; lastKnownFileType = folder.mlpackage; path = tartanimu_drone.mlpackage; sourceTree = "<group>"; };
		4509657E2F4FBD35002B2F77 /* tartanimu_quadruped.mlpackage */ = {isa = PBXFileReference; lastKnownFileType = folder.mlpackage; path = tartanimu_quadruped.mlpackage; sourceTree = "<group>"; };
/* End PBXFileReference section */

/* Begin PBXFileSystemSynchronizedRootGroup section */
		450965482F4FB72E002B2F77 /* TartanIMU Benchmark */ = {
			isa = PBXFileSystemSynchronizedRootGroup;
			path = "TartanIMU Benchmark";
			sourceTree = "<group>";
		};
		450965562F4FB730002B2F77 /* TartanIMU BenchmarkTests */ = {
			isa = PBXFileSystemSynchronizedRootGroup;
			path = "TartanIMU BenchmarkTests";
			sourceTree = "<group>";
		};
		450965602F4FB730002B2F77 /* TartanIMU BenchmarkUITests */ = {
			isa = PBXFileSystemSynchronizedRootGroup;
			path = "TartanIMU BenchmarkUITests";
			sourceTree = "<group>";
		};
/* End PBXFileSystemSynchronizedRootGroup section */

/* Begin PBXFrameworksBuildPhase section */
		450965432F4FB72E002B2F77 /* Frameworks */ = {
			isa = PBXFrameworksBuildPhase;
			buildActionMask = 2147483647;
			files = (
			);
			runOnlyForDeploymentPostprocessing = 0;
		};
		450965502F4FB730002B2F77 /* Frameworks */ = {
			isa = PBXFrameworksBuildPhase;
			buildActionMask = 2147483647;
			files = (
			);
			runOnlyForDeploymentPostprocessing = 0;
		};
		4509655A2F4FB730002B2F77 /* Frameworks */ = {
			isa = PBXFrameworksBuildPhase;
			buildActionMask = 2147483647;
			files = (
			);
			runOnlyForDeploymentPostprocessing = 0;
		};
/* End PBXFrameworksBuildPhase section */

/* Begin PBXGroup section */
		4509653D2F4FB72E002B2F77 = {
			isa = PBXGroup;
			children = (
				4509657A2F4FB7CB002B2F77 /* tartanimu_human.mlpackage */,
				4509657C2F4FBD35002B2F77 /* tartanimu_car.mlpackage */,
				4509657D2F4FBD35002B2F77 /* tartanimu_drone.mlpackage */,
				4509657E2F4FBD35002B2F77 /* tartanimu_quadruped.mlpackage */,
				450965482F4FB72E002B2F77 /* TartanIMU Benchmark */,
				450965562F4FB730002B2F77 /* TartanIMU BenchmarkTests */,
				450965602F4FB730002B2F77 /* TartanIMU BenchmarkUITests */,
				450965472F4FB72E002B2F77 /* Products */,
			);
			sourceTree = "<group>";
		};
		450965472F4FB72E002B2F77 /* Products */ = {
			isa = PBXGroup;
			children = (
				450965462F4FB72E002B2F77 /* TartanIMU Benchmark.app */,
				450965532F4FB730002B2F77 /* TartanIMU BenchmarkTests.xctest */,
				4509655D2F4FB730002B2F77 /* TartanIMU BenchmarkUITests.xctest */,
			);
			name = Products;
			sourceTree = "<group>";
		};
/* End PBXGroup section */

/* Begin PBXNativeTarget section */
		450965452F4FB72E002B2F77 /* TartanIMU Benchmark */ = {
			isa = PBXNativeTarget;
			buildConfigurationList = 450965672F4FB730002B2F77 /* Build configuration list for PBXNativeTarget "TartanIMU Benchmark" */;
			buildPhases = (
				450965422F4FB72E002B2F77 /* Sources */,
				450965432F4FB72E002B2F77 /* Frameworks */,
				450965442F4FB72E002B2F77 /* Resources */,
			);
			buildRules = (
			);
			dependencies = (
			);
			fileSystemSynchronizedGroups = (
				450965482F4FB72E002B2F77 /* TartanIMU Benchmark */,
			);
			name = "TartanIMU Benchmark";
			packageProductDependencies = (
			);
			productName = "TartanIMU Benchmark";
			productReference = 450965462F4FB72E002B2F77 /* TartanIMU Benchmark.app */;
			productType = "com.apple.product-type.application";
		};
		450965522F4FB730002B2F77 /* TartanIMU BenchmarkTests */ = {
			isa = PBXNativeTarget;
			buildConfigurationList = 4509656A2F4FB730002B2F77 /* Build configuration list for PBXNativeTarget "TartanIMU BenchmarkTests" */;
			buildPhases = (
				4509654F2F4FB730002B2F77 /* Sources */,
				450965502F4FB730002B2F77 /* Frameworks */,
				450965512F4FB730002B2F77 /* Resources */,
			);
			buildRules = (
			);
			dependencies = (
				450965552F4FB730002B2F77 /* PBXTargetDependency */,
			);
			fileSystemSynchronizedGroups = (
				450965562F4FB730002B2F77 /* TartanIMU BenchmarkTests */,
			);
			name = "TartanIMU BenchmarkTests";
			packageProductDependencies = (
			);
			productName = "TartanIMU BenchmarkTests";
			productReference = 450965532F4FB730002B2F77 /* TartanIMU BenchmarkTests.xctest */;
			productType = "com.apple.product-type.bundle.unit-test";
		};
		4509655C2F4FB730002B2F77 /* TartanIMU BenchmarkUITests */ = {
			isa = PBXNativeTarget;
			buildConfigurationList = 4509656D2F4FB730002B2F77 /* Build configuration list for PBXNativeTarget "TartanIMU BenchmarkUITests" */;
			buildPhases = (
				450965592F4FB730002B2F77 /* Sources */,
				4509655A2F4FB730002B2F77 /* Frameworks */,
				4509655B2F4FB730002B2F77 /* Resources */,
			);
			buildRules = (
			);
			dependencies = (
				4509655F2F4FB730002B2F77 /* PBXTargetDependency */,
			);
			fileSystemSynchronizedGroups = (
				450965602F4FB730002B2F77 /* TartanIMU BenchmarkUITests */,
			);
			name = "TartanIMU BenchmarkUITests";
			packageProductDependencies = (
			);
			productName = "TartanIMU BenchmarkUITests";
			productReference = 4509655D2F4FB730002B2F77 /* TartanIMU BenchmarkUITests.xctest */;
			productType = "com.apple.product-type.bundle.ui-testing";
		};
/* End PBXNativeTarget section */

/* Begin PBXProject section */
		4509653E2F4FB72E002B2F77 /* Project object */ = {
			isa = PBXProject;
			attributes = {
				BuildIndependentTargetsInParallel = 1;
				LastSwiftUpdateCheck = 1630;
				LastUpgradeCheck = 1630;
				TargetAttributes = {
					450965452F4FB72E002B2F77 = {
						CreatedOnToolsVersion = 16.3;
					};
					450965522F4FB730002B2F77 = {
						CreatedOnToolsVersion = 16.3;
						TestTargetID = 450965452F4FB72E002B2F77;
					};
					4509655C2F4FB730002B2F77 = {
						CreatedOnToolsVersion = 16.3;
						TestTargetID = 450965452F4FB72E002B2F77;
					};
				};
			};
			buildConfigurationList = 450965412F4FB72E002B2F77 /* Build configuration list for PBXProject "TartanIMU Benchmark" */;
			developmentRegion = en;
			hasScannedForEncodings = 0;
			knownRegions = (
				en,
				Base,
			);
			mainGroup = 4509653D2F4FB72E002B2F77;
			minimizedProjectReferenceProxies = 1;
			preferredProjectObjectVersion = 77;
			productRefGroup = 450965472F4FB72E002B2F77 /* Products */;
			projectDirPath = "";
			projectRoot = "";
			targets = (
				450965452F4FB72E002B2F77 /* TartanIMU Benchmark */,
				450965522F4FB730002B2F77 /* TartanIMU BenchmarkTests */,
				4509655C2F4FB730002B2F77 /* TartanIMU BenchmarkUITests */,
			);
		};
/* End PBXProject section */

/* Begin PBXResourcesBuildPhase section */
		450965442F4FB72E002B2F77 /* Resources */ = {
			isa = PBXResourcesBuildPhase;
			buildActionMask = 2147483647;
			files = (
			);
			runOnlyForDeploymentPostprocessing = 0;
		};
		450965512F4FB730002B2F77 /* Resources */ = {
			isa = PBXResourcesBuildPhase;
			buildActionMask = 2147483647;
			files = (
			);
			runOnlyForDeploymentPostprocessing = 0;
		};
		4509655B2F4FB730002B2F77 /* Resources */ = {
			isa = PBXResourcesBuildPhase;
			buildActionMask = 2147483647;
			files = (
			);
			runOnlyForDeploymentPostprocessing = 0;
		};
/* End PBXResourcesBuildPhase section */

/* Begin PBXSourcesBuildPhase section */
		450965422F4FB72E002B2F77 /* Sources */ = {
			isa = PBXSourcesBuildPhase;
			buildActionMask = 2147483647;
			files = (
				4509657F2F4FBD35002B2F77 /* tartanimu_car.mlpackage in Sources */,
				450965802F4FBD35002B2F77 /* tartanimu_quadruped.mlpackage in Sources */,
				450965812F4FBD35002B2F77 /* tartanimu_drone.mlpackage in Sources */,
				4509657B2F4FB7CB002B2F77 /* tartanimu_human.mlpackage in Sources */,
			);
			runOnlyForDeploymentPostprocessing = 0;
		};
		4509654F2F4FB730002B2F77 /* Sources */ = {
			isa = PBXSourcesBuildPhase;
			buildActionMask = 2147483647;
			files = (
			);
			runOnlyForDeploymentPostprocessing = 0;
		};
		450965592F4FB730002B2F77 /* Sources */ = {
			isa = PBXSourcesBuildPhase;
			buildActionMask = 2147483647;
			files = (
			);
			runOnlyForDeploymentPostprocessing = 0;
		};
/* End PBXSourcesBuildPhase section */

/* Begin PBXTargetDependency section */
		450965552F4FB730002B2F77 /* PBXTargetDependency */ = {
			isa = PBXTargetDependency;
			target = 450965452F4FB72E002B2F77 /* TartanIMU Benchmark */;
			targetProxy = 450965542F4FB730002B2F77 /* PBXContainerItemProxy */;
		};
		4509655F2F4FB730002B2F77 /* PBXTargetDependency */ = {
			isa = PBXTargetDependency;
			target = 450965452F4FB72E002B2F77 /* TartanIMU Benchmark */;
			targetProxy = 4509655E2F4FB730002B2F77 /* PBXContainerItemProxy */;
		};
/* End PBXTargetDependency section */

/* Begin XCBuildConfiguration section */
		450965652F4FB730002B2F77 /* Debug */ = {
			isa = XCBuildConfiguration;
			buildSettings = {
				ALWAYS_SEARCH_USER_PATHS = NO;
				ASSETCATALOG_COMPILER_GENERATE_SWIFT_ASSET_SYMBOL_EXTENSIONS = YES;
				CLANG_ANALYZER_NONNULL = YES;
				CLANG_ANALYZER_NUMBER_OBJECT_CONVERSION = YES_AGGRESSIVE;
				CLANG_CXX_LANGUAGE_STANDARD = "gnu++20";
				CLANG_ENABLE_MODULES = YES;
				CLANG_ENABLE_OBJC_ARC = YES;
				CLANG_ENABLE_OBJC_WEAK = YES;
				CLANG_WARN_BLOCK_CAPTURE_AUTORELEASING = YES;
				CLANG_WARN_BOOL_CONVERSION = YES;
				CLANG_WARN_COMMA = YES;
				CLANG_WARN_CONSTANT_CONVERSION = YES;
				CLANG_WARN_DEPRECATED_OBJC_IMPLEMENTATIONS = YES;
				CLANG_WARN_DIRECT_OBJC_ISA_USAGE = YES_ERROR;
				CLANG_WARN_DOCUMENTATION_COMMENTS = YES;
				CLANG_WARN_EMPTY_BODY = YES;
				CLANG_WARN_ENUM_CONVERSION = YES;
				CLANG_WARN_INFINITE_RECURSION = YES;
				CLANG_WARN_INT_CONVERSION = YES;
				CLANG_WARN_NON_LITERAL_NULL_CONVERSION = YES;
				CLANG_WARN_OBJC_IMPLICIT_RETAIN_SELF = YES;
				CLANG_WARN_OBJC_LITERAL_CONVERSION = YES;
				CLANG_WARN_OBJC_ROOT_CLASS = YES_ERROR;
				CLANG_WARN_QUOTED_INCLUDE_IN_FRAMEWORK_HEADER = YES;
				CLANG_WARN_RANGE_LOOP_ANALYSIS = YES;
				CLANG_WARN_STRICT_PROTOTYPES = YES;
				CLANG_WARN_SUSPICIOUS_MOVE = YES;
				CLANG_WARN_UNGUARDED_AVAILABILITY = YES_AGGRESSIVE;
				CLANG_WARN_UNREACHABLE_CODE = YES;
				CLANG_WARN__DUPLICATE_METHOD_MATCH = YES;
				COPY_PHASE_STRIP = NO;
				DEBUG_INFORMATION_FORMAT = dwarf;
				DEVELOPMENT_TEAM = KW26B97DPC;
				ENABLE_STRICT_OBJC_MSGSEND = YES;
				ENABLE_TESTABILITY = YES;
				ENABLE_USER_SCRIPT_SANDBOXING = YES;
				GCC_C_LANGUAGE_STANDARD = gnu17;
				GCC_DYNAMIC_NO_PIC = NO;
				GCC_NO_COMMON_BLOCKS = YES;
				GCC_OPTIMIZATION_LEVEL = 0;
				GCC_PREPROCESSOR_DEFINITIONS = (
					"DEBUG=1",
					"$(inherited)",
				);
				GCC_WARN_64_TO_32_BIT_CONVERSION = YES;
				GCC_WARN_ABOUT_RETURN_TYPE = YES_ERROR;
				GCC_WARN_UNDECLARED_SELECTOR = YES;
				GCC_WARN_UNINITIALIZED_AUTOS = YES_AGGRESSIVE;
				GCC_WARN_UNUSED_FUNCTION = YES;
				GCC_WARN_UNUSED_VARIABLE = YES;
				IPHONEOS_DEPLOYMENT_TARGET = 18.4;
				LOCALIZATION_PREFERS_STRING_CATALOGS = YES;
				MTL_ENABLE_DEBUG_INFO = INCLUDE_SOURCE;
				MTL_FAST_MATH = YES;
				ONLY_ACTIVE_ARCH = YES;
				SDKROOT = iphoneos;
				SWIFT_ACTIVE_COMPILATION_CONDITIONS = "DEBUG $(inherited)";
				SWIFT_OPTIMIZATION_LEVEL = "-Onone";
			};
			name = Debug;
		};
		450965662F4FB730002B2F77 /* Release */ = {
			isa = XCBuildConfiguration;
			buildSettings = {
				ALWAYS_SEARCH_USER_PATHS = NO;
				ASSETCATALOG_COMPILER_GENERATE_SWIFT_ASSET_SYMBOL_EXTENSIONS = YES;
				CLANG_ANALYZER_NONNULL = YES;
				CLANG_ANALYZER_NUMBER_OBJECT_CONVERSION = YES_AGGRESSIVE;
				CLANG_CXX_LANGUAGE_STANDARD = "gnu++20";
				CLANG_ENABLE_MODULES = YES;
				CLANG_ENABLE_OBJC_ARC = YES;
				CLANG_ENABLE_OBJC_WEAK = YES;
				CLANG_WARN_BLOCK_CAPTURE_AUTORELEASING = YES;
				CLANG_WARN_BOOL_CONVERSION = YES;
				CLANG_WARN_COMMA = YES;
				CLANG_WARN_CONSTANT_CONVERSION = YES;
				CLANG_WARN_DEPRECATED_OBJC_IMPLEMENTATIONS = YES;
				CLANG_WARN_DIRECT_OBJC_ISA_USAGE = YES_ERROR;
				CLANG_WARN_DOCUMENTATION_COMMENTS = YES;
				CLANG_WARN_EMPTY_BODY = YES;
				CLANG_WARN_ENUM_CONVERSION = YES;
				CLANG_WARN_INFINITE_RECURSION = YES;
				CLANG_WARN_INT_CONVERSION = YES;
				CLANG_WARN_NON_LITERAL_NULL_CONVERSION = YES;
				CLANG_WARN_OBJC_IMPLICIT_RETAIN_SELF = YES;
				CLANG_WARN_OBJC_LITERAL_CONVERSION = YES;
				CLANG_WARN_OBJC_ROOT_CLASS = YES_ERROR;
				CLANG_WARN_QUOTED_INCLUDE_IN_FRAMEWORK_HEADER = YES;
				CLANG_WARN_RANGE_LOOP_ANALYSIS = YES;
				CLANG_WARN_STRICT_PROTOTYPES = YES;
				CLANG_WARN_SUSPICIOUS_MOVE = YES;
				CLANG_WARN_UNGUARDED_AVAILABILITY = YES_AGGRESSIVE;
				CLANG_WARN_UNREACHABLE_CODE = YES;
				CLANG_WARN__DUPLICATE_METHOD_MATCH = YES;
				COPY_PHASE_STRIP = NO;
				DEBUG_INFORMATION_FORMAT = "dwarf-with-dsym";
				DEVELOPMENT_TEAM = KW26B97DPC;
				ENABLE_NS_ASSERTIONS = NO;
				ENABLE_STRICT_OBJC_MSGSEND = YES;
				ENABLE_USER_SCRIPT_SANDBOXING = YES;
				GCC_C_LANGUAGE_STANDARD = gnu17;
				GCC_NO_COMMON_BLOCKS = YES;
				GCC_WARN_64_TO_32_BIT_CONVERSION = YES;
				GCC_WARN_ABOUT_RETURN_TYPE = YES_ERROR;
				GCC_WARN_UNDECLARED_SELECTOR = YES;
				GCC_WARN_UNINITIALIZED_AUTOS = YES_AGGRESSIVE;
				GCC_WARN_UNUSED_FUNCTION = YES;
				GCC_WARN_UNUSED_VARIABLE = YES;
				IPHONEOS_DEPLOYMENT_TARGET = 18.4;
				LOCALIZATION_PREFERS_STRING_CATALOGS = YES;
				MTL_ENABLE_DEBUG_INFO = NO;
				MTL_FAST_MATH = YES;
				SDKROOT = iphoneos;
				SWIFT_COMPILATION_MODE = wholemodule;
				VALIDATE_PRODUCT = YES;
			};
			name = Release;
		};
		450965682F4FB730002B2F77 /* Debug */ = {
			isa = XCBuildConfiguration;
			buildSettings = {
				ASSETCATALOG_COMPILER_APPICON_NAME = AppIcon;
				ASSETCATALOG_COMPILER_GLOBAL_ACCENT_COLOR_NAME = AccentColor;
				CODE_SIGN_IDENTITY = "Apple Development";
				CODE_SIGN_STYLE = Automatic;
				CURRENT_PROJECT_VERSION = 1;
				DEVELOPMENT_TEAM = KW26B97DPC;
				ENABLE_PREVIEWS = YES;
				GENERATE_INFOPLIST_FILE = YES;
				INFOPLIST_KEY_NSMotionUsageDescription = "TartanIMU needs motion data for real time velocity estimation";
				INFOPLIST_KEY_UIApplicationSceneManifest_Generation = YES;
				INFOPLIST_KEY_UIApplicationSupportsIndirectInputEvents = YES;
				INFOPLIST_KEY_UILaunchScreen_Generation = YES;
				INFOPLIST_KEY_UISupportedInterfaceOrientations_iPad = "UIInterfaceOrientationPortrait UIInterfaceOrientationPortraitUpsideDown UIInterfaceOrientationLandscapeLeft UIInterfaceOrientationLandscapeRight";
				INFOPLIST_KEY_UISupportedInterfaceOrientations_iPhone = "UIInterfaceOrientationPortrait UIInterfaceOrientationLandscapeLeft UIInterfaceOrientationLandscapeRight";
				LD_RUNPATH_SEARCH_PATHS = (
					"$(inherited)",
					"@executable_path/Frameworks",
				);
				MARKETING_VERSION = 1.0;
				PRODUCT_BUNDLE_IDENTIFIER = "e.TartanIMU-Benchmark";
				PRODUCT_NAME = "$(TARGET_NAME)";
				PROVISIONING_PROFILE_SPECIFIER = "";
				SWIFT_EMIT_LOC_STRINGS = YES;
				SWIFT_VERSION = 5.0;
				TARGETED_DEVICE_FAMILY = "1,2";
			};
			name = Debug;
		};
		450965692F4FB730002B2F77 /* Release */ = {
			isa = XCBuildConfiguration;
			buildSettings = {
				ASSETCATALOG_COMPILER_APPICON_NAME = AppIcon;
				ASSETCATALOG_COMPILER_GLOBAL_ACCENT_COLOR_NAME = AccentColor;
				CODE_SIGN_IDENTITY = "Apple Development";
				CODE_SIGN_STYLE = Automatic;
				CURRENT_PROJECT_VERSION = 1;
				DEVELOPMENT_TEAM = KW26B97DPC;
				ENABLE_PREVIEWS = YES;
				GENERATE_INFOPLIST_FILE = YES;
				INFOPLIST_KEY_NSMotionUsageDescription = "TartanIMU needs motion data for real time velocity estimation";
				INFOPLIST_KEY_UIApplicationSceneManifest_Generation = YES;
				INFOPLIST_KEY_UIApplicationSupportsIndirectInputEvents = YES;
				INFOPLIST_KEY_UILaunchScreen_Generation = YES;
				INFOPLIST_KEY_UISupportedInterfaceOrientations_iPad = "UIInterfaceOrientationPortrait UIInterfaceOrientationPortraitUpsideDown UIInterfaceOrientationLandscapeLeft UIInterfaceOrientationLandscapeRight";
				INFOPLIST_KEY_UISupportedInterfaceOrientations_iPhone = "UIInterfaceOrientationPortrait UIInterfaceOrientationLandscapeLeft UIInterfaceOrientationLandscapeRight";
				LD_RUNPATH_SEARCH_PATHS = (
					"$(inherited)",
					"@executable_path/Frameworks",
				);
				MARKETING_VERSION = 1.0;
				PRODUCT_BUNDLE_IDENTIFIER = "e.TartanIMU-Benchmark";
				PRODUCT_NAME = "$(TARGET_NAME)";
				PROVISIONING_PROFILE_SPECIFIER = "";
				SWIFT_EMIT_LOC_STRINGS = YES;
				SWIFT_VERSION = 5.0;
				TARGETED_DEVICE_FAMILY = "1,2";
			};
			name = Release;
		};
		4509656B2F4FB730002B2F77 /* Debug */ = {
			isa = XCBuildConfiguration;
			buildSettings = {
				BUNDLE_LOADER = "$(TEST_HOST)";
				CODE_SIGN_STYLE = Automatic;
				CURRENT_PROJECT_VERSION = 1;
				DEVELOPMENT_TEAM = KW26B97DPC;
				GENERATE_INFOPLIST_FILE = YES;
				IPHONEOS_DEPLOYMENT_TARGET = 18.4;
				MARKETING_VERSION = 1.0;
				PRODUCT_BUNDLE_IDENTIFIER = "e.TartanIMU-BenchmarkTests";
				PRODUCT_NAME = "$(TARGET_NAME)";
				SWIFT_EMIT_LOC_STRINGS = NO;
				SWIFT_VERSION = 5.0;
				TARGETED_DEVICE_FAMILY = "1,2";
				TEST_HOST = "$(BUILT_PRODUCTS_DIR)/TartanIMU Benchmark.app/$(BUNDLE_EXECUTABLE_FOLDER_PATH)/TartanIMU Benchmark";
			};
			name = Debug;
		};
		4509656C2F4FB730002B2F77 /* Release */ = {
			isa = XCBuildConfiguration;
			buildSettings = {
				BUNDLE_LOADER = "$(TEST_HOST)";
				CODE_SIGN_STYLE = Automatic;
				CURRENT_PROJECT_VERSION = 1;
				DEVELOPMENT_TEAM = KW26B97DPC;
				GENERATE_INFOPLIST_FILE = YES;
				IPHONEOS_DEPLOYMENT_TARGET = 18.4;
				MARKETING_VERSION = 1.0;
				PRODUCT_BUNDLE_IDENTIFIER = "e.TartanIMU-BenchmarkTests";
				PRODUCT_NAME = "$(TARGET_NAME)";
				SWIFT_EMIT_LOC_STRINGS = NO;
				SWIFT_VERSION = 5.0;
				TARGETED_DEVICE_FAMILY = "1,2";
				TEST_HOST = "$(BUILT_PRODUCTS_DIR)/TartanIMU Benchmark.app/$(BUNDLE_EXECUTABLE_FOLDER_PATH)/TartanIMU Benchmark";
			};
			name = Release;
		};
		4509656E2F4FB730002B2F77 /* Debug */ = {
			isa = XCBuildConfiguration;
			buildSettings = {
				CODE_SIGN_STYLE = Automatic;
				CURRENT_PROJECT_VERSION = 1;
				DEVELOPMENT_TEAM = KW26B97DPC;
				GENERATE_INFOPLIST_FILE = YES;
				MARKETING_VERSION = 1.0;
				PRODUCT_BUNDLE_IDENTIFIER = "e.TartanIMU-BenchmarkUITests";
				PRODUCT_NAME = "$(TARGET_NAME)";
				SWIFT_EMIT_LOC_STRINGS = NO;
				SWIFT_VERSION = 5.0;
				TARGETED_DEVICE_FAMILY = "1,2";
				TEST_TARGET_NAME = "TartanIMU Benchmark";
			};
			name = Debug;
		};
		4509656F2F4FB730002B2F77 /* Release */ = {
			isa = XCBuildConfiguration;
			buildSettings = {
				CODE_SIGN_STYLE = Automatic;
				CURRENT_PROJECT_VERSION = 1;
				DEVELOPMENT_TEAM = KW26B97DPC;
				GENERATE_INFOPLIST_FILE = YES;
				MARKETING_VERSION = 1.0;
				PRODUCT_BUNDLE_IDENTIFIER = "e.TartanIMU-BenchmarkUITests";
				PRODUCT_NAME = "$(TARGET_NAME)";
				SWIFT_EMIT_LOC_STRINGS = NO;
				SWIFT_VERSION = 5.0;
				TARGETED_DEVICE_FAMILY = "1,2";
				TEST_TARGET_NAME = "TartanIMU Benchmark";
			};
			name = Release;
		};
/* End XCBuildConfiguration section */

/* Begin XCConfigurationList section */
		450965412F4FB72E002B2F77 /* Build configuration list for PBXProject "TartanIMU Benchmark" */ = {
			isa = XCConfigurationList;
			buildConfigurations = (
				450965652F4FB730002B2F77 /* Debug */,
				450965662F4FB730002B2F77 /* Release */,
			);
			defaultConfigurationIsVisible = 0;
			defaultConfigurationName = Release;
		};
		450965672F4FB730002B2F77 /* Build configuration list for PBXNativeTarget "TartanIMU Benchmark" */ = {
			isa = XCConfigurationList;
			buildConfigurations = (
				450965682F4FB730002B2F77 /* Debug */,
				450965692F4FB730002B2F77 /* Release */,
			);
			defaultConfigurationIsVisible = 0;
			defaultConfigurationName = Release;
		};
		4509656A2F4FB730002B2F77 /* Build configuration list for PBXNativeTarget "TartanIMU BenchmarkTests" */ = {
			isa = XCConfigurationList;
			buildConfigurations = (
				4509656B2F4FB730002B2F77 /* Debug */,
				4509656C2F4FB730002B2F77 /* Release */,
			);
			defaultConfigurationIsVisible = 0;
			defaultConfigurationName = Release;
		};
		4509656D2F4FB730002B2F77 /* Build configuration list for PBXNativeTarget "TartanIMU BenchmarkUITests" */ = {
			isa = XCConfigurationList;
			buildConfigurations = (
				4509656E2F4FB730002B2F77 /* Debug */,
				4509656F2F4FB730002B2F77 /* Release */,
			);
			defaultConfigurationIsVisible = 0;
			defaultConfigurationName = Release;
		};
/* End XCConfigurationList section */
	};
	rootObject = 4509653E2F4FB72E002B2F77 /* Project object */;
}
